
Microsoft Visual Studio Solution File, Format Version 12.00
# Visual Studio Version 16
VisualStudioVersion = 16.0.29721.120
MinimumVisualStudioVersion = 10.0.40219.1
Project("{FAE04EC0-301F-11D3-BF4B-00C04F79EFBC}") = "OdeToFood.Web", "OdeToFood.Web\OdeToFood.Web.csproj", "{9531CBBD-4494-49EE-8355-63832813205B}"
EndProject
Project("{FAE04EC0-301F-11D3-BF4B-00C04F79EFBC}") = "OdeToFood.Data", "OdeToFood.Data\OdeToFood.Data.csproj", "{6A87EEF3-EC4D-41A5-A766-014527FF99B4}"
EndProject
Global
	GlobalSection(SolutionConfigurationPlatforms) = preSolution
		Debug|Any CPU = Debug|Any CPU
		Release|Any CPU = Release|Any CPU
	EndGlobalSection
	GlobalSection(ProjectConfigurationPlatforms) = postSolution
		{9531CBBD-4494-49EE-8355-63832813205B}.Debug|Any CPU.ActiveCfg = Debug|Any CPU
		{9531CBBD-4494-49EE-8355-63832813205B}.Debug|Any CPU.Build.0 = Debug|Any CPU
		{9531CBBD-4494-49EE-8355-63832813205B}.Release|Any CPU.ActiveCfg = Release|Any CPU
		{9531CBBD-4494-49EE-8355-63832813205B}.Release|Any CPU.Build.0 = Release|Any CPU
		{6A87EEF3-EC4D-41A5-A766-014527FF99B4}.Debug|Any CPU.ActiveCfg = Debug|Any CPU
		{6A87EEF3-EC4D-41A5-A766-014527FF99B4}.Debug|Any CPU.Build.0 = Debug|Any CPU
		{6A87EEF3-EC4D-41A5-A766-014527FF99B4}.Release|Any CPU.ActiveCfg = Release|Any CPU
		{6A87EEF3-EC4D-41A5-A766-014527FF99B4}.Release|Any CPU.Build.0 = Release|Any CPU
	EndGlobalSection
	GlobalSection(SolutionProperties) = preSolution
		HideSolutionNode = FALSE
	EndGlobalSection
	GlobalSection(ExtensibilityGlobals) = postSolution
		SolutionGuid = {576DCF05-86EA-420F-837B-E5C0E1182601}
	EndGlobalSection
EndGlobal
